<?xml version="1.0" encoding="utf-8"?>
<Project ToolsVersion="4.0" xmlns="http://schemas.microsoft.com/developer/msbuild/2003">
  <ItemGroup>
    <ClCompile Include="stdafx.cpp">
      <Filter>Main</Filter>
    </ClCompile>
    <ClCompile Include="main.cpp">
      <Filter>Main</Filter>
    </ClCompile>
    <ClCompile Include="System\System.cpp">
      <Filter>System</Filter>
    </ClCompile>
    <ClCompile Include="Input\Input.cpp">
      <Filter>Input</Filter>
    </ClCompile>
    <ClCompile Include="Graphic\Graphic.cpp">
      <Filter>Graphic</Filter>
    </ClCompile>
    <ClCompile Include="Graphic\DX\Dx11.cpp">
      <Filter>Graphic\HI\DX11</Filter>
    </ClCompile>
    <ClCompile Include="Scene\Scene.cpp">
      <Filter>Scene</Filter>
    </ClCompile>
    <ClCompile Include="Graphic\RenderOperation.cpp">
      <Filter>Graphic</Filter>
    </ClCompile>
    <ClCompile Include="Graphic\Resource\IndexBuffer.cpp">
      <Filter>Graphic\Resource\Buffer</Filter>
    </ClCompile>
    <ClCompile Include="Graphic\Resource\VertexBuffer.cpp">
      <Filter>Graphic\Resource\Buffer</Filter>
    </ClCompile>
    <ClCompile Include="Graphic\Resource\Texture.cpp">
      <Filter>Graphic\Resource\Texture</Filter>
    </ClCompile>
    <ClCompile Include="Graphic\Resource\Resource.cpp">
      <Filter>Graphic\Resource</Filter>
    </ClCompile>
    <ClCompile Include="Graphic\DX\Buffer\DX11VertexBuffer.cpp">
      <Filter>Graphic\HI\DX11\Resource\Buffer</Filter>
    </ClCompile>
    <ClCompile Include="Graphic\DX\Buffer\DX11IndexBuffer.cpp">
      <Filter>Graphic\HI\DX11\Resource\Buffer</Filter>
    </ClCompile>
    <ClCompile Include="Graphic\DX\Buffer\DX11Buffer.cpp">
      <Filter>Graphic\HI\DX11\Resource\Buffer</Filter>
    </ClCompile>
    <ClCompile Include="DebugUtils\TraceUtils.cpp">
      <Filter>DebugUtils</Filter>
    </ClCompile>
    <ClCompile Include="Graphic\DX\DX11NameTranslator.cpp">
      <Filter>Graphic\HI\DX11</Filter>
    </ClCompile>
  </ItemGroup>
  <ItemGroup>
    <ClInclude Include="stdafx.h">
      <Filter>Main</Filter>
    </ClInclude>
    <ClInclude Include="Common\BaseTypes.h">
      <Filter>Common</Filter>
    </ClInclude>
    <ClInclude Include="Common\CommonUtils.h">
      <Filter>Common</Filter>
    </ClInclude>
    <ClInclude Include="System\System.h">
      <Filter>System</Filter>
    </ClInclude>
    <ClInclude Include="Input\Input.h">
      <Filter>Input</Filter>
    </ClInclude>
    <ClInclude Include="Graphic\Graphic.h">
      <Filter>Graphic</Filter>
    </ClInclude>
    <ClInclude Include="Graphic\DX\Dx11.h">
      <Filter>Graphic\HI\DX11</Filter>
    </ClInclude>
    <ClInclude Include="Graphic\GraphicDef.h">
      <Filter>Graphic</Filter>
    </ClInclude>
    <ClInclude Include="Platform\Win32DefHeader.h">
      <Filter>Platform</Filter>
    </ClInclude>
    <ClInclude Include="Math\Vector4.h">
      <Filter>Math</Filter>
    </ClInclude>
    <ClInclude Include="Math\Matrix.h">
      <Filter>Math</Filter>
    </ClInclude>
    <ClInclude Include="Common\Singleton.h">
      <Filter>Common</Filter>
    </ClInclude>
    <ClInclude Include="Scene\Scene.h">
      <Filter>Scene</Filter>
    </ClInclude>
    <ClInclude Include="Graphic\RenderOperation.h">
      <Filter>Graphic</Filter>
    </ClInclude>
    <ClInclude Include="Graphic\Resource\IndexBuffer.h">
      <Filter>Graphic\Resource\Buffer</Filter>
    </ClInclude>
    <ClInclude Include="Graphic\Resource\VertexBuffer.h">
      <Filter>Graphic\Resource\Buffer</Filter>
    </ClInclude>
    <ClInclude Include="Graphic\Resource\Texture.h">
      <Filter>Graphic\Resource\Texture</Filter>
    </ClInclude>
    <ClInclude Include="Graphic\Resource\Resource.h">
      <Filter>Graphic\Resource</Filter>
    </ClInclude>
    <ClInclude Include="Graphic\DX\Buffer\DX11VertexBuffer.h">
      <Filter>Graphic\HI\DX11\Resource\Buffer</Filter>
    </ClInclude>
    <ClInclude Include="Graphic\DX\Buffer\DX11IndexBuffer.h">
      <Filter>Graphic\HI\DX11\Resource\Buffer</Filter>
    </ClInclude>
    <ClInclude Include="Graphic\DX\Buffer\DX11Buffer.h">
      <Filter>Graphic\HI\DX11\Resource\Buffer</Filter>
    </ClInclude>
    <ClInclude Include="DebugUtils\TraceUtils.h">
      <Filter>DebugUtils</Filter>
    </ClInclude>
    <ClInclude Include="Graphic\DX\DX11NameTranslator.h">
      <Filter>Graphic\HI\DX11</Filter>
    </ClInclude>
  </ItemGroup>
  <ItemGroup>
    <Filter Include="Main">
      <UniqueIdentifier>{0aa6d1fc-f671-48e4-8a3b-c6c5af5cd633}</UniqueIdentifier>
    </Filter>
    <Filter Include="Common">
      <UniqueIdentifier>{de24a202-045e-4526-a8b2-6d6bd7d3b305}</UniqueIdentifier>
    </Filter>
    <Filter Include="Graphic">
      <UniqueIdentifier>{d8aa1b70-8538-4be9-baa2-b4201674c457}</UniqueIdentifier>
    </Filter>
    <Filter Include="CodeGraph">
      <UniqueIdentifier>{6b916366-1d1e-498f-858b-fed255169417}</UniqueIdentifier>
    </Filter>
    <Filter Include="System">
      <UniqueIdentifier>{e42989b8-9a9c-45f3-b478-35693018c952}</UniqueIdentifier>
    </Filter>
    <Filter Include="Input">
      <UniqueIdentifier>{7ccb2c6a-1eb8-4ad4-9aae-49dcdbf00334}</UniqueIdentifier>
    </Filter>
    <Filter Include="Platform">
      <UniqueIdentifier>{779fef40-5baa-4e98-89bd-2fc30d582955}</UniqueIdentifier>
    </Filter>
    <Filter Include="Math">
      <UniqueIdentifier>{069cf9da-c611-42b1-92db-3a8ce8bbc804}</UniqueIdentifier>
    </Filter>
    <Filter Include="Scene">
      <UniqueIdentifier>{535b60a7-8958-4b56-8b81-5d1dacbf179a}</UniqueIdentifier>
    </Filter>
    <Filter Include="Graphic\HI">
      <UniqueIdentifier>{5c8e5ce7-66c4-4355-b73c-11f76996c837}</UniqueIdentifier>
    </Filter>
    <Filter Include="Graphic\HI\DX11">
      <UniqueIdentifier>{5d93036a-8da4-456e-a8ff-9710959354b0}</UniqueIdentifier>
    </Filter>
    <Filter Include="Graphic\HI\DX11\Resource">
      <UniqueIdentifier>{b814d5c2-1f7f-401f-8f4b-074e7a72717f}</UniqueIdentifier>
    </Filter>
    <Filter Include="Graphic\Resource">
      <UniqueIdentifier>{93b24bb5-d47a-4e41-a5d3-f488e1c086be}</UniqueIdentifier>
    </Filter>
    <Filter Include="Graphic\Resource\Buffer">
      <UniqueIdentifier>{d52369cd-f6c3-4021-b1f1-f9600a5e4676}</UniqueIdentifier>
    </Filter>
    <Filter Include="Graphic\Resource\Texture">
      <UniqueIdentifier>{3837091a-bc38-45b0-9e16-1385fe8c018c}</UniqueIdentifier>
    </Filter>
    <Filter Include="Graphic\HI\DX11\Resource\Buffer">
      <UniqueIdentifier>{bd4aaf4b-f57e-4983-a790-3d76b863ba25}</UniqueIdentifier>
    </Filter>
    <Filter Include="DebugUtils">
      <UniqueIdentifier>{e178c1d6-880b-4817-9523-1b70897dd567}</UniqueIdentifier>
    </Filter>
  </ItemGroup>
  <ItemGroup>
    <None Include="CodeGraph\CodeMap.dgml">
      <Filter>CodeGraph</Filter>
    </None>
  </ItemGroup>
</Project>