<?xml version="1.0" encoding="utf-8"?>
<Project ToolsVersion="4.0" xmlns="http://schemas.microsoft.com/developer/msbuild/2003">
  <ItemGroup>
    <ClCompile Include="stdafx.cpp">
      <Filter>Main</Filter>
    </ClCompile>
    <ClCompile Include="main.cpp">
      <Filter>Main</Filter>
    </ClCompile>
    <ClCompile Include="System\System.cpp">
      <Filter>System</Filter>
    </ClCompile>
    <ClCompile Include="Input\Input.cpp">
      <Filter>Input</Filter>
    </ClCompile>
    <ClCompile Include="Graphic\Graphic.cpp">
      <Filter>Graphic</Filter>
    </ClCompile>
    <ClCompile Include="Scene\Scene.cpp">
      <Filter>Scene</Filter>
    </ClCompile>
    <ClCompile Include="Graphic\Resource\Buffer\IndexBuffer.cpp">
      <Filter>Graphic\Resource\Buffer</Filter>
    </ClCompile>
    <ClCompile Include="Graphic\Resource\Buffer\VertexBuffer.cpp">
      <Filter>Graphic\Resource\Buffer</Filter>
    </ClCompile>
    <ClCompile Include="Graphic\Resource\Texture\Texture.cpp">
      <Filter>Graphic\Resource\Texture</Filter>
    </ClCompile>
    <ClCompile Include="Graphic\Resource\Resource.cpp">
      <Filter>Graphic\Resource</Filter>
    </ClCompile>
    <ClCompile Include="DebugUtils\TraceUtils.cpp">
      <Filter>DebugUtils</Filter>
    </ClCompile>
    <ClCompile Include="Math\Vector4.cpp">
      <Filter>Math</Filter>
    </ClCompile>
    <ClCompile Include="Math\Color.cpp">
      <Filter>Math</Filter>
    </ClCompile>
    <ClCompile Include="Scene\Actor.cpp">
      <Filter>Scene</Filter>
    </ClCompile>
    <ClCompile Include="System\SampleTest.cpp">
      <Filter>System</Filter>
    </ClCompile>
    <ClCompile Include="Common\FileSystem.cpp">
      <Filter>Common\FileSystem</Filter>
    </ClCompile>
    <ClCompile Include="Graphic\Resource\Shader\Shader.cpp">
      <Filter>Graphic\Resource\Shader</Filter>
    </ClCompile>
    <ClCompile Include="Graphic\Resource\State\StateObject.cpp">
      <Filter>Graphic\Resource\State</Filter>
    </ClCompile>
    <ClCompile Include="Graphic\Resource\Buffer\Buffer.cpp">
      <Filter>Graphic\Resource\Buffer</Filter>
    </ClCompile>
    <ClCompile Include="Math\Quaternion.cpp">
      <Filter>Math</Filter>
    </ClCompile>
    <ClCompile Include="Math\Matrix.cpp">
      <Filter>Math</Filter>
    </ClCompile>
    <ClCompile Include="Graphic\Frustum.cpp">
      <Filter>Graphic</Filter>
    </ClCompile>
    <ClCompile Include="Math\Plane.cpp">
      <Filter>Math</Filter>
    </ClCompile>
    <ClCompile Include="Math\MathUtils.cpp">
      <Filter>Math</Filter>
    </ClCompile>
    <ClCompile Include="Scene\Model\Mesh.cpp">
      <Filter>Scene\Model</Filter>
    </ClCompile>
    <ClCompile Include="Scene\Model\MeshImporter.cpp">
      <Filter>Scene\Model</Filter>
    </ClCompile>
    <ClCompile Include="Scene\Model\Assimp\AssimpMeshImporter.cpp">
      <Filter>Scene\Model\Assimp</Filter>
    </ClCompile>
    <ClCompile Include="Scene\Model\Assimp\AssimpResourceManager.cpp">
      <Filter>Scene\Model\Assimp</Filter>
    </ClCompile>
    <ClCompile Include="Scene\Model\Model.cpp">
      <Filter>Scene\Model</Filter>
    </ClCompile>
    <ClCompile Include="Graphic\Resource\State\StateHelper.cpp">
      <Filter>Graphic\Resource\State</Filter>
    </ClCompile>
    <ClCompile Include="Graphic\SpaceNode.cpp">
      <Filter>Graphic</Filter>
    </ClCompile>
    <ClCompile Include="Graphic\Resource\ResourceManager.cpp">
      <Filter>Graphic\Resource</Filter>
    </ClCompile>
    <ClCompile Include="Graphic\Camera\CameraController.cpp">
      <Filter>Graphic\Camera</Filter>
    </ClCompile>
    <ClCompile Include="Graphic\Camera\Camera.cpp">
      <Filter>Graphic\Camera</Filter>
    </ClCompile>
    <ClCompile Include="Graphic\Render\RenderOperation.cpp">
      <Filter>Graphic\Render</Filter>
    </ClCompile>
    <ClCompile Include="Graphic\Render\RenderCommandQueue.cpp">
      <Filter>Graphic\Render</Filter>
    </ClCompile>
    <ClCompile Include="Graphic\Render\Viewport.cpp">
      <Filter>Graphic\Render</Filter>
    </ClCompile>
    <ClCompile Include="Graphic\Render\RenderTarget.cpp">
      <Filter>Graphic\Render</Filter>
    </ClCompile>
    <ClCompile Include="Graphic\Stage\PipelineStage.cpp">
      <Filter>Graphic\Stage</Filter>
    </ClCompile>
    <ClCompile Include="Graphic\HI\DX\Dx11.cpp">
      <Filter>Graphic\HI\DX</Filter>
    </ClCompile>
    <ClCompile Include="Graphic\HI\DX\DX11NameTranslator.cpp">
      <Filter>Graphic\HI\DX</Filter>
    </ClCompile>
    <ClCompile Include="Graphic\HI\DX\Buffer\DX11Buffer.cpp">
      <Filter>Graphic\HI\DX\Buffer</Filter>
    </ClCompile>
    <ClCompile Include="Graphic\HI\DX\Buffer\DX11IndexBuffer.cpp">
      <Filter>Graphic\HI\DX\Buffer</Filter>
    </ClCompile>
    <ClCompile Include="Graphic\HI\DX\Buffer\DX11VertexBuffer.cpp">
      <Filter>Graphic\HI\DX\Buffer</Filter>
    </ClCompile>
    <ClCompile Include="Graphic\HI\DX\Stage\Dx11PipelineStage.cpp">
      <Filter>Graphic\HI\DX\Stage</Filter>
    </ClCompile>
    <ClCompile Include="Graphic\HI\DX\State\Dx11StateObject.cpp">
      <Filter>Graphic\HI\DX\State</Filter>
    </ClCompile>
    <ClCompile Include="Graphic\HI\DX\Shader\Dx11Shader.cpp">
      <Filter>Graphic\HI\DX\Shader</Filter>
    </ClCompile>
    <ClCompile Include="Graphic\HI\DX\Texture\Dx11Texture.cpp">
      <Filter>Graphic\HI\DX\Texture</Filter>
    </ClCompile>
    <ClCompile Include="Graphic\Resource\Texture\TextureAssertLoader.cpp">
      <Filter>Graphic\Resource\Texture</Filter>
    </ClCompile>
    <ClCompile Include="Graphic\Resource\Texture\TextureFormatHelper.cpp">
      <Filter>Graphic\Resource\Texture</Filter>
    </ClCompile>
    <ClCompile Include="Graphic\HI\DX\Shader\Dx11ShaderResourceView.cpp">
      <Filter>Graphic\HI\DX\Shader</Filter>
    </ClCompile>
    <ClCompile Include="Graphic\Resource\Shader\ShaderResourceView.cpp">
      <Filter>Graphic\Resource\Shader</Filter>
    </ClCompile>
  </ItemGroup>
  <ItemGroup>
    <ClInclude Include="stdafx.h">
      <Filter>Main</Filter>
    </ClInclude>
    <ClInclude Include="Common\BaseTypes.h">
      <Filter>Common</Filter>
    </ClInclude>
    <ClInclude Include="Common\CommonUtils.h">
      <Filter>Common</Filter>
    </ClInclude>
    <ClInclude Include="System\System.h">
      <Filter>System</Filter>
    </ClInclude>
    <ClInclude Include="Input\Input.h">
      <Filter>Input</Filter>
    </ClInclude>
    <ClInclude Include="Graphic\Graphic.h">
      <Filter>Graphic</Filter>
    </ClInclude>
    <ClInclude Include="Graphic\GraphicDef.h">
      <Filter>Graphic</Filter>
    </ClInclude>
    <ClInclude Include="Platform\Win32DefHeader.h">
      <Filter>Platform</Filter>
    </ClInclude>
    <ClInclude Include="Math\Vector4.h">
      <Filter>Math</Filter>
    </ClInclude>
    <ClInclude Include="Math\Matrix.h">
      <Filter>Math</Filter>
    </ClInclude>
    <ClInclude Include="Common\Singleton.h">
      <Filter>Common</Filter>
    </ClInclude>
    <ClInclude Include="Scene\Scene.h">
      <Filter>Scene</Filter>
    </ClInclude>
    <ClInclude Include="Graphic\Resource\Buffer\IndexBuffer.h">
      <Filter>Graphic\Resource\Buffer</Filter>
    </ClInclude>
    <ClInclude Include="Graphic\Resource\Buffer\VertexBuffer.h">
      <Filter>Graphic\Resource\Buffer</Filter>
    </ClInclude>
    <ClInclude Include="Graphic\Resource\Texture\Texture.h">
      <Filter>Graphic\Resource\Texture</Filter>
    </ClInclude>
    <ClInclude Include="Graphic\Resource\Resource.h">
      <Filter>Graphic\Resource</Filter>
    </ClInclude>
    <ClInclude Include="DebugUtils\TraceUtils.h">
      <Filter>DebugUtils</Filter>
    </ClInclude>
    <ClInclude Include="Math\Color.h">
      <Filter>Math</Filter>
    </ClInclude>
    <ClInclude Include="Scene\Actor.h">
      <Filter>Scene</Filter>
    </ClInclude>
    <ClInclude Include="System\SampleTest.h">
      <Filter>System</Filter>
    </ClInclude>
    <ClInclude Include="Math\Rectangle.h">
      <Filter>Math</Filter>
    </ClInclude>
    <ClInclude Include="Math\Vector2.h">
      <Filter>Math</Filter>
    </ClInclude>
    <ClInclude Include="Common\FileSystem.h">
      <Filter>Common\FileSystem</Filter>
    </ClInclude>
    <ClInclude Include="Graphic\Resource\Shader\Shader.h">
      <Filter>Graphic\Resource\Shader</Filter>
    </ClInclude>
    <ClInclude Include="Graphic\Resource\State\StateObject.h">
      <Filter>Graphic\Resource\State</Filter>
    </ClInclude>
    <ClInclude Include="Graphic\Resource\Buffer\Buffer.h">
      <Filter>Graphic\Resource\Buffer</Filter>
    </ClInclude>
    <ClInclude Include="Math\Quaternion.h">
      <Filter>Math</Filter>
    </ClInclude>
    <ClInclude Include="Graphic\Frustum.h">
      <Filter>Graphic</Filter>
    </ClInclude>
    <ClInclude Include="Math\Plane.h">
      <Filter>Math</Filter>
    </ClInclude>
    <ClInclude Include="Math\MathUtils.h">
      <Filter>Math</Filter>
    </ClInclude>
    <ClInclude Include="Scene\Model\Mesh.h">
      <Filter>Scene\Model</Filter>
    </ClInclude>
    <ClInclude Include="Scene\Model\MeshImporter.h">
      <Filter>Scene\Model</Filter>
    </ClInclude>
    <ClInclude Include="Scene\Model\Assimp\AssimpMeshImporter.h">
      <Filter>Scene\Model\Assimp</Filter>
    </ClInclude>
    <ClInclude Include="Scene\Model\Assimp\AssimpResourceManager.h">
      <Filter>Scene\Model\Assimp</Filter>
    </ClInclude>
    <ClInclude Include="Common\HashImpl.h">
      <Filter>Common</Filter>
    </ClInclude>
    <ClInclude Include="Scene\Model\Model.h">
      <Filter>Scene\Model</Filter>
    </ClInclude>
    <ClInclude Include="Graphic\Resource\State\StateHelper.h">
      <Filter>Graphic\Resource\State</Filter>
    </ClInclude>
    <ClInclude Include="Graphic\SpaceNode.h">
      <Filter>Graphic</Filter>
    </ClInclude>
    <ClInclude Include="Graphic\Resource\ResourceManager.h">
      <Filter>Graphic\Resource</Filter>
    </ClInclude>
    <ClInclude Include="Math\Vector3.h">
      <Filter>Math</Filter>
    </ClInclude>
    <ClInclude Include="Math\VectorUnit.h">
      <Filter>Math</Filter>
    </ClInclude>
    <ClInclude Include="Common\BaseDef.h">
      <Filter>Common</Filter>
    </ClInclude>
    <ClInclude Include="Graphic\Resource\Buffer\ConstBufferDef.h">
      <Filter>Graphic\Resource\Buffer</Filter>
    </ClInclude>
    <ClInclude Include="Graphic\Camera\CameraController.h">
      <Filter>Graphic\Camera</Filter>
    </ClInclude>
    <ClInclude Include="Graphic\Camera\Camera.h">
      <Filter>Graphic\Camera</Filter>
    </ClInclude>
    <ClInclude Include="Graphic\Render\RenderCommandQueue.h">
      <Filter>Graphic\Render</Filter>
    </ClInclude>
    <ClInclude Include="Graphic\Render\RenderOperation.h">
      <Filter>Graphic\Render</Filter>
    </ClInclude>
    <ClInclude Include="Graphic\Render\IRenderable.h">
      <Filter>Graphic\Render</Filter>
    </ClInclude>
    <ClInclude Include="Graphic\Render\Viewport.h">
      <Filter>Graphic\Render</Filter>
    </ClInclude>
    <ClInclude Include="Graphic\Render\RenderTarget.h">
      <Filter>Graphic\Render</Filter>
    </ClInclude>
    <ClInclude Include="Graphic\Render\WindowRenderTarget.h">
      <Filter>Graphic\Render</Filter>
    </ClInclude>
    <ClInclude Include="Graphic\Stage\PipelineStage.h">
      <Filter>Graphic\Stage</Filter>
    </ClInclude>
    <ClInclude Include="Graphic\HI\DX\Dx11.h">
      <Filter>Graphic\HI\DX</Filter>
    </ClInclude>
    <ClInclude Include="Graphic\HI\DX\DX11NameTranslator.h">
      <Filter>Graphic\HI\DX</Filter>
    </ClInclude>
    <ClInclude Include="Graphic\HI\DX\Buffer\DX11Buffer.h">
      <Filter>Graphic\HI\DX\Buffer</Filter>
    </ClInclude>
    <ClInclude Include="Graphic\HI\DX\Buffer\DX11IndexBuffer.h">
      <Filter>Graphic\HI\DX\Buffer</Filter>
    </ClInclude>
    <ClInclude Include="Graphic\HI\DX\Buffer\DX11VertexBuffer.h">
      <Filter>Graphic\HI\DX\Buffer</Filter>
    </ClInclude>
    <ClInclude Include="Graphic\HI\DX\Shader\Dx11Shader.h">
      <Filter>Graphic\HI\DX\Shader</Filter>
    </ClInclude>
    <ClInclude Include="Graphic\HI\DX\State\Dx11StateObject.h">
      <Filter>Graphic\HI\DX\State</Filter>
    </ClInclude>
    <ClInclude Include="Graphic\HI\DX\Stage\Dx11PipelineStage.h">
      <Filter>Graphic\HI\DX\Stage</Filter>
    </ClInclude>
    <ClInclude Include="Graphic\HI\DX\Texture\Dx11Texture.h">
      <Filter>Graphic\HI\DX\Texture</Filter>
    </ClInclude>
    <ClInclude Include="Graphic\Resource\Texture\TextureTypeTraits.h">
      <Filter>Graphic\Resource\Texture</Filter>
    </ClInclude>
    <ClInclude Include="Graphic\Resource\Texture\TextureAssertLoader.h">
      <Filter>Graphic\Resource\Texture</Filter>
    </ClInclude>
    <ClInclude Include="Graphic\Resource\Texture\TextureFormatHelper.h">
      <Filter>Graphic\Resource\Texture</Filter>
    </ClInclude>
    <ClInclude Include="Graphic\HI\DX\Shader\Dx11ShaderResourceView.h">
      <Filter>Graphic\HI\DX\Shader</Filter>
    </ClInclude>
    <ClInclude Include="Graphic\HI\DX\Dx11HardwareInterface.h">
      <Filter>Graphic\HI\DX</Filter>
    </ClInclude>
    <ClInclude Include="Graphic\HI\DX\Dx11Resource.h">
      <Filter>Graphic\HI\DX</Filter>
    </ClInclude>
    <ClInclude Include="Graphic\Resource\Shader\ShaderResourceView.h">
      <Filter>Graphic\Resource\Shader</Filter>
    </ClInclude>
  </ItemGroup>
  <ItemGroup>
    <Filter Include="Main">
      <UniqueIdentifier>{0aa6d1fc-f671-48e4-8a3b-c6c5af5cd633}</UniqueIdentifier>
    </Filter>
    <Filter Include="Common">
      <UniqueIdentifier>{de24a202-045e-4526-a8b2-6d6bd7d3b305}</UniqueIdentifier>
    </Filter>
    <Filter Include="Graphic">
      <UniqueIdentifier>{d8aa1b70-8538-4be9-baa2-b4201674c457}</UniqueIdentifier>
    </Filter>
    <Filter Include="CodeGraph">
      <UniqueIdentifier>{6b916366-1d1e-498f-858b-fed255169417}</UniqueIdentifier>
    </Filter>
    <Filter Include="System">
      <UniqueIdentifier>{e42989b8-9a9c-45f3-b478-35693018c952}</UniqueIdentifier>
    </Filter>
    <Filter Include="Input">
      <UniqueIdentifier>{7ccb2c6a-1eb8-4ad4-9aae-49dcdbf00334}</UniqueIdentifier>
    </Filter>
    <Filter Include="Platform">
      <UniqueIdentifier>{779fef40-5baa-4e98-89bd-2fc30d582955}</UniqueIdentifier>
    </Filter>
    <Filter Include="Math">
      <UniqueIdentifier>{069cf9da-c611-42b1-92db-3a8ce8bbc804}</UniqueIdentifier>
    </Filter>
    <Filter Include="Scene">
      <UniqueIdentifier>{535b60a7-8958-4b56-8b81-5d1dacbf179a}</UniqueIdentifier>
    </Filter>
    <Filter Include="Graphic\HI">
      <UniqueIdentifier>{5c8e5ce7-66c4-4355-b73c-11f76996c837}</UniqueIdentifier>
    </Filter>
    <Filter Include="Graphic\Resource">
      <UniqueIdentifier>{93b24bb5-d47a-4e41-a5d3-f488e1c086be}</UniqueIdentifier>
    </Filter>
    <Filter Include="Graphic\Resource\Buffer">
      <UniqueIdentifier>{d52369cd-f6c3-4021-b1f1-f9600a5e4676}</UniqueIdentifier>
    </Filter>
    <Filter Include="Graphic\Resource\Texture">
      <UniqueIdentifier>{3837091a-bc38-45b0-9e16-1385fe8c018c}</UniqueIdentifier>
    </Filter>
    <Filter Include="DebugUtils">
      <UniqueIdentifier>{e178c1d6-880b-4817-9523-1b70897dd567}</UniqueIdentifier>
    </Filter>
    <Filter Include="Common\FileSystem">
      <UniqueIdentifier>{573a104e-41d9-417f-a480-6745d3b02be2}</UniqueIdentifier>
    </Filter>
    <Filter Include="Graphic\Resource\Shader">
      <UniqueIdentifier>{880e26bb-c26b-47b7-8a7e-3784a9ef9d6b}</UniqueIdentifier>
    </Filter>
    <Filter Include="Resource">
      <UniqueIdentifier>{0097bb73-fab4-449b-bd50-b9285852a937}</UniqueIdentifier>
    </Filter>
    <Filter Include="Resource\Shader">
      <UniqueIdentifier>{16d53f61-21c4-4aad-b498-b66ce16e5f9f}</UniqueIdentifier>
    </Filter>
    <Filter Include="Graphic\Resource\State">
      <UniqueIdentifier>{4662553c-36b7-437d-977d-7e3d80794292}</UniqueIdentifier>
    </Filter>
    <Filter Include="Scene\Model">
      <UniqueIdentifier>{8ded5805-cbe1-4f34-847d-bbefe974a54f}</UniqueIdentifier>
    </Filter>
    <Filter Include="Scene\Model\Assimp">
      <UniqueIdentifier>{f7ecb0ea-b0c4-4de6-afdc-61bb5be7f0b7}</UniqueIdentifier>
    </Filter>
    <Filter Include="Graphic\Render">
      <UniqueIdentifier>{a73f1ffd-fe81-4998-97f3-807c61b93428}</UniqueIdentifier>
    </Filter>
    <Filter Include="Graphic\Camera">
      <UniqueIdentifier>{0e485cbb-0c85-48c9-a94d-82abc0342868}</UniqueIdentifier>
    </Filter>
    <Filter Include="Graphic\Stage">
      <UniqueIdentifier>{260bf8aa-2279-4e12-830d-73c4d27d71b7}</UniqueIdentifier>
    </Filter>
    <Filter Include="Graphic\HI\DX">
      <UniqueIdentifier>{5d93036a-8da4-456e-a8ff-9710959354b0}</UniqueIdentifier>
    </Filter>
    <Filter Include="Graphic\HI\DX\Stage">
      <UniqueIdentifier>{a617ee09-4cec-4a2f-b559-541c096b4ca8}</UniqueIdentifier>
    </Filter>
    <Filter Include="Graphic\HI\DX\State">
      <UniqueIdentifier>{2812dd5f-674a-4d41-9348-9ef0eaa77985}</UniqueIdentifier>
    </Filter>
    <Filter Include="Graphic\HI\DX\Shader">
      <UniqueIdentifier>{68e9f6d7-7978-4931-9b42-971254900730}</UniqueIdentifier>
    </Filter>
    <Filter Include="Graphic\HI\DX\Buffer">
      <UniqueIdentifier>{bd4aaf4b-f57e-4983-a790-3d76b863ba25}</UniqueIdentifier>
    </Filter>
    <Filter Include="Graphic\HI\DX\Texture">
      <UniqueIdentifier>{5ccdd5d2-99c3-46a4-870a-424564789e24}</UniqueIdentifier>
    </Filter>
  </ItemGroup>
  <ItemGroup>
    <None Include="CodeGraph\CodeMap.dgml">
      <Filter>CodeGraph</Filter>
    </None>
    <None Include="Math\Color.inl">
      <Filter>Math</Filter>
    </None>
    <None Include="Resource\Shader\ScreenQuad.ps">
      <Filter>Resource\Shader</Filter>
    </None>
    <None Include="Math\Matrix.inl">
      <Filter>Math</Filter>
    </None>
    <None Include="Resource\Shader\ScreenQuad.vs">
      <Filter>Resource\Shader</Filter>
    </None>
    <None Include="Resource\Shader\Object.vs">
      <Filter>Resource\Shader</Filter>
    </None>
    <None Include="Resource\Shader\Object.ps">
      <Filter>Resource\Shader</Filter>
    </None>
    <None Include="Graphic\Resource\State\StateObject.inl">
      <Filter>Graphic\Resource\State</Filter>
    </None>
    <None Include="Graphic\Resource\Texture\Texture.inl">
      <Filter>Graphic\Resource\Texture</Filter>
    </None>
    <None Include="Graphic\Resource\Texture\TextureTypeTraits.inl">
      <Filter>Graphic\Resource\Texture</Filter>
    </None>
    <None Include="Resource\Shader\ScreenTexQuad.ps">
      <Filter>Resource\Shader</Filter>
    </None>
    <None Include="Resource\Shader\ScreenTexQuad.vs">
      <Filter>Resource\Shader</Filter>
    </None>
  </ItemGroup>
</Project>